// !$*UTF8*$!
{
	archiveVersion = 1;
	classes = {
	};
	objectVersion = 50;
	objects = {

/* Begin PBXBuildFile section */
		3BBCE97325C2659700D0E792 /* FormulirApp.swift in Sources */ = {isa = PBXBuildFile; fileRef = 3BBCE97225C2659700D0E792 /* FormulirApp.swift */; };
		3BBCE97525C2659700D0E792 /* ContentView.swift in Sources */ = {isa = PBXBuildFile; fileRef = 3BBCE97425C2659700D0E792 /* ContentView.swift */; };
		3BBCE97725C2659B00D0E792 /* Assets.xcassets in Resources */ = {isa = PBXBuildFile; fileRef = 3BBCE97625C2659B00D0E792 /* Assets.xcassets */; };
		3BBCE97A25C2659B00D0E792 /* Preview Assets.xcassets in Resources */ = {isa = PBXBuildFile; fileRef = 3BBCE97925C2659B00D0E792 /* Preview Assets.xcassets */; };
		3BBCE98525C2659B00D0E792 /* FormulirTests.swift in Sources */ = {isa = PBXBuildFile; fileRef = 3BBCE98425C2659B00D0E792 /* FormulirTests.swift */; };
		3BBCE99025C2659B00D0E792 /* FormulirUITests.swift in Sources */ = {isa = PBXBuildFile; fileRef = 3BBCE98F25C2659B00D0E792 /* FormulirUITests.swift */; };
/* End PBXBuildFile section */

/* Begin PBXContainerItemProxy section */
		3BBCE98125C2659B00D0E792 /* PBXContainerItemProxy */ = {
			isa = PBXContainerItemProxy;
			containerPortal = 3BBCE96725C2659600D0E792 /* Project object */;
			proxyType = 1;
			remoteGlobalIDString = 3BBCE96E25C2659700D0E792;
			remoteInfo = Formulir;
		};
		3BBCE98C25C2659B00D0E792 /* PBXContainerItemProxy */ = {
			isa = PBXContainerItemProxy;
			containerPortal = 3BBCE96725C2659600D0E792 /* Project object */;
			proxyType = 1;
			remoteGlobalIDString = 3BBCE96E25C2659700D0E792;
			remoteInfo = Formulir;
		};
/* End PBXContainerItemProxy section */

/* Begin PBXFileReference section */
		3BBCE96F25C2659700D0E792 /* Formulir.app */ = {isa = PBXFileReference; explicitFileType = wrapper.application; includeInIndex = 0; path = Formulir.app; sourceTree = BUILT_PRODUCTS_DIR; };
		3BBCE97225C2659700D0E792 /* FormulirApp.swift */ = {isa = PBXFileReference; lastKnownFileType = sourcecode.swift; path = FormulirApp.swift; sourceTree = "<group>"; };
		3BBCE97425C2659700D0E792 /* ContentView.swift */ = {isa = PBXFileReference; lastKnownFileType = sourcecode.swift; path = ContentView.swift; sourceTree = "<group>"; };
		3BBCE97625C2659B00D0E792 /* Assets.xcassets */ = {isa = PBXFileReference; lastKnownFileType = folder.assetcatalog; path = Assets.xcassets; sourceTree = "<group>"; };
		3BBCE97925C2659B00D0E792 /* Preview Assets.xcassets */ = {isa = PBXFileReference; lastKnownFileType = folder.assetcatalog; path = "Preview Assets.xcassets"; sourceTree = "<group>"; };
		3BBCE97B25C2659B00D0E792 /* Info.plist */ = {isa = PBXFileReference; lastKnownFileType = text.plist.xml; path = Info.plist; sourceTree = "<group>"; };
		3BBCE98025C2659B00D0E792 /* FormulirTests.xctest */ = {isa = PBXFileReference; explicitFileType = wrapper.cfbundle; includeInIndex = 0; path = FormulirTests.xctest; sourceTree = BUILT_PRODUCTS_DIR; };
		3BBCE98425C2659B00D0E792 /* FormulirTests.swift */ = {isa = PBXFileReference; lastKnownFileType = sourcecode.swift; path = FormulirTests.swift; sourceTree = "<group>"; };
		3BBCE98625C2659B00D0E792 /* Info.plist */ = {isa = PBXFileReference; lastKnownFileType = text.plist.xml; path = Info.plist; sourceTree = "<group>"; };
		3BBCE98B25C2659B00D0E792 /* FormulirUITests.xctest */ = {isa = PBXFileReference; explicitFileType = wrapper.cfbundle; includeInIndex = 0; path = FormulirUITests.xctest; sourceTree = BUILT_PRODUCTS_DIR; };
		3BBCE98F25C2659B00D0E792 /* FormulirUITests.swift */ = {isa = PBXFileReference; lastKnownFileType = sourcecode.swift; path = FormulirUITests.swift; sourceTree = "<group>"; };
		3BBCE99125C2659B00D0E792 /* Info.plist */ = {isa = PBXFileReference; lastKnownFileType = text.plist.xml; path = Info.plist; sourceTree = "<group>"; };
/* End PBXFileReference section */

/* Begin PBXFrameworksBuildPhase section */
		3BBCE96C25C2659700D0E792 /* Frameworks */ = {
			isa = PBXFrameworksBuildPhase;
			buildActionMask = 2147483647;
			files = (
			);
			runOnlyForDeploymentPostprocessing = 0;
		};
		3BBCE97D25C2659B00D0E792 /* Frameworks */ = {
			isa = PBXFrameworksBuildPhase;
			buildActionMask = 2147483647;
			files = (
			);
			runOnlyForDeploymentPostprocessing = 0;
		};
		3BBCE98825C2659B00D0E792 /* Frameworks */ = {
			isa = PBXFrameworksBuildPhase;
			buildActionMask = 2147483647;
			files = (
			);
			runOnlyForDeploymentPostprocessing = 0;
		};
/* End PBXFrameworksBuildPhase section */

/* Begin PBXGroup section */
		3BBCE96625C2659600D0E792 = {
			isa = PBXGroup;
			children = (
				3BBCE97125C2659700D0E792 /* Formulir */,
				3BBCE98325C2659B00D0E792 /* FormulirTests */,
				3BBCE98E25C2659B00D0E792 /* FormulirUITests */,
				3BBCE97025C2659700D0E792 /* Products */,
			);
			sourceTree = "<group>";
		};
		3BBCE97025C2659700D0E792 /* Products */ = {
			isa = PBXGroup;
			children = (
				3BBCE96F25C2659700D0E792 /* Formulir.app */,
				3BBCE98025C2659B00D0E792 /* FormulirTests.xctest */,
				3BBCE98B25C2659B00D0E792 /* FormulirUITests.xctest */,
			);
			name = Products;
			sourceTree = "<group>";
		};
		3BBCE97125C2659700D0E792 /* Formulir */ = {
			isa = PBXGroup;
			children = (
				3BBCE97225C2659700D0E792 /* FormulirApp.swift */,
				3BBCE97425C2659700D0E792 /* ContentView.swift */,
				3BBCE97625C2659B00D0E792 /* Assets.xcassets */,
				3BBCE97B25C2659B00D0E792 /* Info.plist */,
				3BBCE97825C2659B00D0E792 /* Preview Content */,
			);
			path = Formulir;
			sourceTree = "<group>";
		};
		3BBCE97825C2659B00D0E792 /* Preview Content */ = {
			isa = PBXGroup;
			children = (
				3BBCE97925C2659B00D0E792 /* Preview Assets.xcassets */,
			);
			path = "Preview Content";
			sourceTree = "<group>";
		};
		3BBCE98325C2659B00D0E792 /* FormulirTests */ = {
			isa = PBXGroup;
			children = (
				3BBCE98425C2659B00D0E792 /* FormulirTests.swift */,
				3BBCE98625C2659B00D0E792 /* Info.plist */,
			);
			path = FormulirTests;
			sourceTree = "<group>";
		};
		3BBCE98E25C2659B00D0E792 /* FormulirUITests */ = {
			isa = PBXGroup;
			children = (
				3BBCE98F25C2659B00D0E792 /* FormulirUITests.swift */,
				3BBCE99125C2659B00D0E792 /* Info.plist */,
			);
			path = FormulirUITests;
			sourceTree = "<group>";
		};
/* End PBXGroup section */

/* Begin PBXNativeTarget section */
		3BBCE96E25C2659700D0E792 /* Formulir */ = {
			isa = PBXNativeTarget;
			buildConfigurationList = 3BBCE99425C2659B00D0E792 /* Build configuration list for PBXNativeTarget "Formulir" */;
			buildPhases = (
				3BBCE96B25C2659700D0E792 /* Sources */,
				3BBCE96C25C2659700D0E792 /* Frameworks */,
				3BBCE96D25C2659700D0E792 /* Resources */,
			);
			buildRules = (
			);
			dependencies = (
			);
			name = Formulir;
			productName = Formulir;
			productReference = 3BBCE96F25C2659700D0E792 /* Formulir.app */;
			productType = "com.apple.product-type.application";
		};
		3BBCE97F25C2659B00D0E792 /* FormulirTests */ = {
			isa = PBXNativeTarget;
			buildConfigurationList = 3BBCE99725C2659B00D0E792 /* Build configuration list for PBXNativeTarget "FormulirTests" */;
			buildPhases = (
				3BBCE97C25C2659B00D0E792 /* Sources */,
				3BBCE97D25C2659B00D0E792 /* Frameworks */,
				3BBCE97E25C2659B00D0E792 /* Resources */,
			);
			buildRules = (
			);
			dependencies = (
				3BBCE98225C2659B00D0E792 /* PBXTargetDependency */,
			);
			name = FormulirTests;
			productName = FormulirTests;
			productReference = 3BBCE98025C2659B00D0E792 /* FormulirTests.xctest */;
			productType = "com.apple.product-type.bundle.unit-test";
		};
		3BBCE98A25C2659B00D0E792 /* FormulirUITests */ = {
			isa = PBXNativeTarget;
			buildConfigurationList = 3BBCE99A25C2659B00D0E792 /* Build configuration list for PBXNativeTarget "FormulirUITests" */;
			buildPhases = (
				3BBCE98725C2659B00D0E792 /* Sources */,
				3BBCE98825C2659B00D0E792 /* Frameworks */,
				3BBCE98925C2659B00D0E792 /* Resources */,
			);
			buildRules = (
			);
			dependencies = (
				3BBCE98D25C2659B00D0E792 /* PBXTargetDependency */,
			);
			name = FormulirUITests;
			productName = FormulirUITests;
			productReference = 3BBCE98B25C2659B00D0E792 /* FormulirUITests.xctest */;
			productType = "com.apple.product-type.bundle.ui-testing";
		};
/* End PBXNativeTarget section */

/* Begin PBXProject section */
		3BBCE96725C2659600D0E792 /* Project object */ = {
			isa = PBXProject;
			attributes = {
				LastSwiftUpdateCheck = 1230;
				LastUpgradeCheck = 1230;
				TargetAttributes = {
					3BBCE96E25C2659700D0E792 = {
						CreatedOnToolsVersion = 12.3;
					};
					3BBCE97F25C2659B00D0E792 = {
						CreatedOnToolsVersion = 12.3;
						TestTargetID = 3BBCE96E25C2659700D0E792;
					};
					3BBCE98A25C2659B00D0E792 = {
						CreatedOnToolsVersion = 12.3;
						TestTargetID = 3BBCE96E25C2659700D0E792;
					};
				};
			};
			buildConfigurationList = 3BBCE96A25C2659600D0E792 /* Build configuration list for PBXProject "Formulir" */;
			compatibilityVersion = "Xcode 9.3";
			developmentRegion = en;
			hasScannedForEncodings = 0;
			knownRegions = (
				en,
				Base,
			);
			mainGroup = 3BBCE96625C2659600D0E792;
			productRefGroup = 3BBCE97025C2659700D0E792 /* Products */;
			projectDirPath = "";
			projectRoot = "";
			targets = (
				3BBCE96E25C2659700D0E792 /* Formulir */,
				3BBCE97F25C2659B00D0E792 /* FormulirTests */,
				3BBCE98A25C2659B00D0E792 /* FormulirUITests */,
			);
		};
/* End PBXProject section */

/* Begin PBXResourcesBuildPhase section */
		3BBCE96D25C2659700D0E792 /* Resources */ = {
			isa = PBXResourcesBuildPhase;
			buildActionMask = 2147483647;
			files = (
				3BBCE97A25C2659B00D0E792 /* Preview Assets.xcassets in Resources */,
				3BBCE97725C2659B00D0E792 /* Assets.xcassets in Resources */,
			);
			runOnlyForDeploymentPostprocessing = 0;
		};
		3BBCE97E25C2659B00D0E792 /* Resources */ = {
			isa = PBXResourcesBuildPhase;
			buildActionMask = 2147483647;
			files = (
			);
			runOnlyForDeploymentPostprocessing = 0;
		};
		3BBCE98925C2659B00D0E792 /* Resources */ = {
			isa = PBXResourcesBuildPhase;
			buildActionMask = 2147483647;
			files = (
			);
			runOnlyForDeploymentPostprocessing = 0;
		};
/* End PBXResourcesBuildPhase section */

/* Begin PBXSourcesBuildPhase section */
		3BBCE96B25C2659700D0E792 /* Sources */ = {
			isa = PBXSourcesBuildPhase;
			buildActionMask = 2147483647;
			files = (
				3BBCE97525C2659700D0E792 /* ContentView.swift in Sources */,
				3BBCE97325C2659700D0E792 /* FormulirApp.swift in Sources */,
			);
			runOnlyForDeploymentPostprocessing = 0;
		};
		3BBCE97C25C2659B00D0E792 /* Sources */ = {
			isa = PBXSourcesBuildPhase;
			buildActionMask = 2147483647;
			files = (
				3BBCE98525C2659B00D0E792 /* FormulirTests.swift in Sources */,
			);
			runOnlyForDeploymentPostprocessing = 0;
		};
		3BBCE98725C2659B00D0E792 /* Sources */ = {
			isa = PBXSourcesBuildPhase;
			buildActionMask = 2147483647;
			files = (
				3BBCE99025C2659B00D0E792 /* FormulirUITests.swift in Sources */,
			);
			runOnlyForDeploymentPostprocessing = 0;
		};
/* End PBXSourcesBuildPhase section */

/* Begin PBXTargetDependency section */
		3BBCE98225C2659B00D0E792 /* PBXTargetDependency */ = {
			isa = PBXTargetDependency;
			target = 3BBCE96E25C2659700D0E792 /* Formulir */;
			targetProxy = 3BBCE98125C2659B00D0E792 /* PBXContainerItemProxy */;
		};
		3BBCE98D25C2659B00D0E792 /* PBXTargetDependency */ = {
			isa = PBXTargetDependency;
			target = 3BBCE96E25C2659700D0E792 /* Formulir */;
			targetProxy = 3BBCE98C25C2659B00D0E792 /* PBXContainerItemProxy */;
		};
/* End PBXTargetDependency section */

/* Begin XCBuildConfiguration section */
		3BBCE99225C2659B00D0E792 /* Debug */ = {
			isa = XCBuildConfiguration;
			buildSettings = {
				ALWAYS_SEARCH_USER_PATHS = NO;
				CLANG_ANALYZER_NONNULL = YES;
				CLANG_ANALYZER_NUMBER_OBJECT_CONVERSION = YES_AGGRESSIVE;
				CLANG_CXX_LANGUAGE_STANDARD = "gnu++14";
				CLANG_CXX_LIBRARY = "libc++";
				CLANG_ENABLE_MODULES = YES;
				CLANG_ENABLE_OBJC_ARC = YES;
				CLANG_ENABLE_OBJC_WEAK = YES;
				CLANG_WARN_BLOCK_CAPTURE_AUTORELEASING = YES;
				CLANG_WARN_BOOL_CONVERSION = YES;
				CLANG_WARN_COMMA = YES;
				CLANG_WARN_CONSTANT_CONVERSION = YES;
				CLANG_WARN_DEPRECATED_OBJC_IMPLEMENTATIONS = YES;
				CLANG_WARN_DIRECT_OBJC_ISA_USAGE = YES_ERROR;
				CLANG_WARN_DOCUMENTATION_COMMENTS = YES;
				CLANG_WARN_EMPTY_BODY = YES;
				CLANG_WARN_ENUM_CONVERSION = YES;
				CLANG_WARN_INFINITE_RECURSION = YES;
				CLANG_WARN_INT_CONVERSION = YES;
				CLANG_WARN_NON_LITERAL_NULL_CONVERSION = YES;
				CLANG_WARN_OBJC_IMPLICIT_RETAIN_SELF = YES;
				CLANG_WARN_OBJC_LITERAL_CONVERSION = YES;
				CLANG_WARN_OBJC_ROOT_CLASS = YES_ERROR;
				CLANG_WARN_QUOTED_INCLUDE_IN_FRAMEWORK_HEADER = YES;
				CLANG_WARN_RANGE_LOOP_ANALYSIS = YES;
				CLANG_WARN_STRICT_PROTOTYPES = YES;
				CLANG_WARN_SUSPICIOUS_MOVE = YES;
				CLANG_WARN_UNGUARDED_AVAILABILITY = YES_AGGRESSIVE;
				CLANG_WARN_UNREACHABLE_CODE = YES;
				CLANG_WARN__DUPLICATE_METHOD_MATCH = YES;
				COPY_PHASE_STRIP = NO;
				DEBUG_INFORMATION_FORMAT = dwarf;
				ENABLE_STRICT_OBJC_MSGSEND = YES;
				ENABLE_TESTABILITY = YES;
				GCC_C_LANGUAGE_STANDARD = gnu11;
				GCC_DYNAMIC_NO_PIC = NO;
				GCC_NO_COMMON_BLOCKS = YES;
				GCC_OPTIMIZATION_LEVEL = 0;
				GCC_PREPROCESSOR_DEFINITIONS = (
					"DEBUG=1",
					"$(inherited)",
				);
				GCC_WARN_64_TO_32_BIT_CONVERSION = YES;
				GCC_WARN_ABOUT_RETURN_TYPE = YES_ERROR;
				GCC_WARN_UNDECLARED_SELECTOR = YES;
				GCC_WARN_UNINITIALIZED_AUTOS = YES_AGGRESSIVE;
				GCC_WARN_UNUSED_FUNCTION = YES;
				GCC_WARN_UNUSED_VARIABLE = YES;
				IPHONEOS_DEPLOYMENT_TARGET = 14.3;
				MTL_ENABLE_DEBUG_INFO = INCLUDE_SOURCE;
				MTL_FAST_MATH = YES;
				ONLY_ACTIVE_ARCH = YES;
				SDKROOT = iphoneos;
				SWIFT_ACTIVE_COMPILATION_CONDITIONS = DEBUG;
				SWIFT_OPTIMIZATION_LEVEL = "-Onone";
			};
			name = Debug;
		};
		3BBCE99325C2659B00D0E792 /* Release */ = {
			isa = XCBuildConfiguration;
			buildSettings = {
				ALWAYS_SEARCH_USER_PATHS = NO;
				CLANG_ANALYZER_NONNULL = YES;
				CLANG_ANALYZER_NUMBER_OBJECT_CONVERSION = YES_AGGRESSIVE;
				CLANG_CXX_LANGUAGE_STANDARD = "gnu++14";
				CLANG_CXX_LIBRARY = "libc++";
				CLANG_ENABLE_MODULES = YES;
				CLANG_ENABLE_OBJC_ARC = YES;
				CLANG_ENABLE_OBJC_WEAK = YES;
				CLANG_WARN_BLOCK_CAPTURE_AUTORELEASING = YES;
				CLANG_WARN_BOOL_CONVERSION = YES;
				CLANG_WARN_COMMA = YES;
				CLANG_WARN_CONSTANT_CONVERSION = YES;
				CLANG_WARN_DEPRECATED_OBJC_IMPLEMENTATIONS = YES;
				CLANG_WARN_DIRECT_OBJC_ISA_USAGE = YES_ERROR;
				CLANG_WARN_DOCUMENTATION_COMMENTS = YES;
				CLANG_WARN_EMPTY_BODY = YES;
				CLANG_WARN_ENUM_CONVERSION = YES;
				CLANG_WARN_INFINITE_RECURSION = YES;
				CLANG_WARN_INT_CONVERSION = YES;
				CLANG_WARN_NON_LITERAL_NULL_CONVERSION = YES;
				CLANG_WARN_OBJC_IMPLICIT_RETAIN_SELF = YES;
				CLANG_WARN_OBJC_LITERAL_CONVERSION = YES;
				CLANG_WARN_OBJC_ROOT_CLASS = YES_ERROR;
				CLANG_WARN_QUOTED_INCLUDE_IN_FRAMEWORK_HEADER = YES;
				CLANG_WARN_RANGE_LOOP_ANALYSIS = YES;
				CLANG_WARN_STRICT_PROTOTYPES = YES;
				CLANG_WARN_SUSPICIOUS_MOVE = YES;
				CLANG_WARN_UNGUARDED_AVAILABILITY = YES_AGGRESSIVE;
				CLANG_WARN_UNREACHABLE_CODE = YES;
				CLANG_WARN__DUPLICATE_METHOD_MATCH = YES;
				COPY_PHASE_STRIP = NO;
				DEBUG_INFORMATION_FORMAT = "dwarf-with-dsym";
				ENABLE_NS_ASSERTIONS = NO;
				ENABLE_STRICT_OBJC_MSGSEND = YES;
				GCC_C_LANGUAGE_STANDARD = gnu11;
				GCC_NO_COMMON_BLOCKS = YES;
				GCC_WARN_64_TO_32_BIT_CONVERSION = YES;
				GCC_WARN_ABOUT_RETURN_TYPE = YES_ERROR;
				GCC_WARN_UNDECLARED_SELECTOR = YES;
				GCC_WARN_UNINITIALIZED_AUTOS = YES_AGGRESSIVE;
				GCC_WARN_UNUSED_FUNCTION = YES;
				GCC_WARN_UNUSED_VARIABLE = YES;
				IPHONEOS_DEPLOYMENT_TARGET = 14.3;
				MTL_ENABLE_DEBUG_INFO = NO;
				MTL_FAST_MATH = YES;
				SDKROOT = iphoneos;
				SWIFT_COMPILATION_MODE = wholemodule;
				SWIFT_OPTIMIZATION_LEVEL = "-O";
				VALIDATE_PRODUCT = YES;
			};
			name = Release;
		};
		3BBCE99525C2659B00D0E792 /* Debug */ = {
			isa = XCBuildConfiguration;
			buildSettings = {
				ASSETCATALOG_COMPILER_APPICON_NAME = AppIcon;
				ASSETCATALOG_COMPILER_GLOBAL_ACCENT_COLOR_NAME = AccentColor;
				CODE_SIGN_STYLE = Automatic;
				DEVELOPMENT_ASSET_PATHS = "\"Formulir/Preview Content\"";
				ENABLE_PREVIEWS = YES;
				INFOPLIST_FILE = Formulir/Info.plist;
				IPHONEOS_DEPLOYMENT_TARGET = 14.0;
				LD_RUNPATH_SEARCH_PATHS = (
					"$(inherited)",
					"@executable_path/Frameworks",
				);
				PRODUCT_BUNDLE_IDENTIFIER = "RPL-A.Formulir";
				PRODUCT_NAME = "$(TARGET_NAME)";
				SWIFT_VERSION = 5.0;
				TARGETED_DEVICE_FAMILY = "1,2";
			};
			name = Debug;
		};
		3BBCE99625C2659B00D0E792 /* Release */ = {
			isa = XCBuildConfiguration;
			buildSettings = {
				ASSETCATALOG_COMPILER_APPICON_NAME = AppIcon;
				ASSETCATALOG_COMPILER_GLOBAL_ACCENT_COLOR_NAME = AccentColor;
				CODE_SIGN_STYLE = Automatic;
				DEVELOPMENT_ASSET_PATHS = "\"Formulir/Preview Content\"";
				ENABLE_PREVIEWS = YES;
				INFOPLIST_FILE = Formulir/Info.plist;
				IPHONEOS_DEPLOYMENT_TARGET = 14.0;
				LD_RUNPATH_SEARCH_PATHS = (
					"$(inherited)",
					"@executable_path/Frameworks",
				);
				PRODUCT_BUNDLE_IDENTIFIER = "RPL-A.Formulir";
				PRODUCT_NAME = "$(TARGET_NAME)";
				SWIFT_VERSION = 5.0;
				TARGETED_DEVICE_FAMILY = "1,2";
			};
			name = Release;
		};
		3BBCE99825C2659B00D0E792 /* Debug */ = {
			isa = XCBuildConfiguration;
			buildSettings = {
				ALWAYS_EMBED_SWIFT_STANDARD_LIBRARIES = YES;
				BUNDLE_LOADER = "$(TEST_HOST)";
				CODE_SIGN_STYLE = Automatic;
				INFOPLIST_FILE = FormulirTests/Info.plist;
				IPHONEOS_DEPLOYMENT_TARGET = 14.0;
				LD_RUNPATH_SEARCH_PATHS = (
					"$(inherited)",
					"@executable_path/Frameworks",
					"@loader_path/Frameworks",
				);
				PRODUCT_BUNDLE_IDENTIFIER = "RPL-A.FormulirTests";
				PRODUCT_NAME = "$(TARGET_NAME)";
				SWIFT_VERSION = 5.0;
				TARGETED_DEVICE_FAMILY = "1,2";
				TEST_HOST = "$(BUILT_PRODUCTS_DIR)/Formulir.app/Formulir";
			};
			name = Debug;
		};
		3BBCE99925C2659B00D0E792 /* Release */ = {
			isa = XCBuildConfiguration;
			buildSettings = {
				ALWAYS_EMBED_SWIFT_STANDARD_LIBRARIES = YES;
				BUNDLE_LOADER = "$(TEST_HOST)";
				CODE_SIGN_STYLE = Automatic;
				INFOPLIST_FILE = FormulirTests/Info.plist;
				IPHONEOS_DEPLOYMENT_TARGET = 14.0;
				LD_RUNPATH_SEARCH_PATHS = (
					"$(inherited)",
					"@executable_path/Frameworks",
					"@loader_path/Frameworks",
				);
				PRODUCT_BUNDLE_IDENTIFIER = "RPL-A.FormulirTests";
				PRODUCT_NAME = "$(TARGET_NAME)";
				SWIFT_VERSION = 5.0;
				TARGETED_DEVICE_FAMILY = "1,2";
				TEST_HOST = "$(BUILT_PRODUCTS_DIR)/Formulir.app/Formulir";
			};
			name = Release;
		};
		3BBCE99B25C2659B00D0E792 /* Debug */ = {
			isa = XCBuildConfiguration;
			buildSettings = {
				ALWAYS_EMBED_SWIFT_STANDARD_LIBRARIES = YES;
				CODE_SIGN_STYLE = Automatic;
				INFOPLIST_FILE = FormulirUITests/Info.plist;
				LD_RUNPATH_SEARCH_PATHS = (
					"$(inherited)",
					"@executable_path/Frameworks",
					"@loader_path/Frameworks",
				);
				PRODUCT_BUNDLE_IDENTIFIER = "RPL-A.FormulirUITests";
				PRODUCT_NAME = "$(TARGET_NAME)";
				SWIFT_VERSION = 5.0;
				TARGETED_DEVICE_FAMILY = "1,2";
				TEST_TARGET_NAME = Formulir;
			};
			name = Debug;
		};
		3BBCE99C25C2659B00D0E792 /* Release */ = {
			isa = XCBuildConfiguration;
			buildSettings = {
				ALWAYS_EMBED_SWIFT_STANDARD_LIBRARIES = YES;
				CODE_SIGN_STYLE = Automatic;
				INFOPLIST_FILE = FormulirUITests/Info.plist;
				LD_RUNPATH_SEARCH_PATHS = (
					"$(inherited)",
					"@executable_path/Frameworks",
					"@loader_path/Frameworks",
				);
				PRODUCT_BUNDLE_IDENTIFIER = "RPL-A.FormulirUITests";
				PRODUCT_NAME = "$(TARGET_NAME)";
				SWIFT_VERSION = 5.0;
				TARGETED_DEVICE_FAMILY = "1,2";
				TEST_TARGET_NAME = Formulir;
			};
			name = Release;
		};
/* End XCBuildConfiguration section */

/* Begin XCConfigurationList section */
		3BBCE96A25C2659600D0E792 /* Build configuration list for PBXProject "Formulir" */ = {
			isa = XCConfigurationList;
			buildConfigurations = (
				3BBCE99225C2659B00D0E792 /* Debug */,
				3BBCE99325C2659B00D0E792 /* Release */,
			);
			defaultConfigurationIsVisible = 0;
			defaultConfigurationName = Release;
		};
		3BBCE99425C2659B00D0E792 /* Build configuration list for PBXNativeTarget "Formulir" */ = {
			isa = XCConfigurationList;
			buildConfigurations = (
				3BBCE99525C2659B00D0E792 /* Debug */,
				3BBCE99625C2659B00D0E792 /* Release */,
			);
			defaultConfigurationIsVisible = 0;
			defaultConfigurationName = Release;
		};
		3BBCE99725C2659B00D0E792 /* Build configuration list for PBXNativeTarget "FormulirTests" */ = {
			isa = XCConfigurationList;
			buildConfigurations = (
				3BBCE99825C2659B00D0E792 /* Debug */,
				3BBCE99925C2659B00D0E792 /* Release */,
			);
			defaultConfigurationIsVisible = 0;
			defaultConfigurationName = Release;
		};
		3BBCE99A25C2659B00D0E792 /* Build configuration list for PBXNativeTarget "FormulirUITests" */ = {
			isa = XCConfigurationList;
			buildConfigurations = (
				3BBCE99B25C2659B00D0E792 /* Debug */,
				3BBCE99C25C2659B00D0E792 /* Release */,
			);
			defaultConfigurationIsVisible = 0;
			defaultConfigurationName = Release;
		};
/* End XCConfigurationList section */
	};
	rootObject = 3BBCE96725C2659600D0E792 /* Project object */;
}
